
Microsoft Visual Studio Solution File, Format Version 12.00
# Visual Studio Version 16
VisualStudioVersion = 16.0.30114.105
MinimumVisualStudioVersion = 10.0.40219.1
Project("{FAE04EC0-301F-11D3-BF4B-00C04F79EFBC}") = "ChartZ.Engine", "ChartZ.Engine\ChartZ.Engine.csproj", "{1CE008C8-D344-46B5-9488-18F0DAF7201E}"
EndProject
Project("{FAE04EC0-301F-11D3-BF4B-00C04F79EFBC}") = "ChartZ.Compiler", "ChartZ.Compiler\ChartZ.Compiler.csproj", "{AC8DE4AD-9ECC-451B-AE6C-23DD4D69E7D3}"
EndProject
Global
	GlobalSection(SolutionConfigurationPlatforms) = preSolution
		Debug|Any CPU = Debug|Any CPU
		Release|Any CPU = Release|Any CPU
	EndGlobalSection
	GlobalSection(SolutionProperties) = preSolution
		HideSolutionNode = FALSE
	EndGlobalSection
	GlobalSection(ProjectConfigurationPlatforms) = postSolution
		{1CE008C8-D344-46B5-9488-18F0DAF7201E}.Debug|Any CPU.ActiveCfg = Debug|Any CPU
		{1CE008C8-D344-46B5-9488-18F0DAF7201E}.Debug|Any CPU.Build.0 = Debug|Any CPU
		{1CE008C8-D344-46B5-9488-18F0DAF7201E}.Release|Any CPU.ActiveCfg = Release|Any CPU
		{1CE008C8-D344-46B5-9488-18F0DAF7201E}.Release|Any CPU.Build.0 = Release|Any CPU
		{AC8DE4AD-9ECC-451B-AE6C-23DD4D69E7D3}.Debug|Any CPU.ActiveCfg = Debug|Any CPU
		{AC8DE4AD-9ECC-451B-AE6C-23DD4D69E7D3}.Debug|Any CPU.Build.0 = Debug|Any CPU
		{AC8DE4AD-9ECC-451B-AE6C-23DD4D69E7D3}.Release|Any CPU.ActiveCfg = Release|Any CPU
		{AC8DE4AD-9ECC-451B-AE6C-23DD4D69E7D3}.Release|Any CPU.Build.0 = Release|Any CPU
	EndGlobalSection
EndGlobal
